
Microsoft Visual Studio Solution File, Format Version 12.00
# Visual Studio 15
VisualStudioVersion = 15.0.27428.2037
MinimumVisualStudioVersion = 10.0.40219.1
Project("{FAE04EC0-301F-11D3-BF4B-00C04F79EFBC}") = "Business.Core", "Business.Core\Business.Core.csproj", "{4AE532D1-27FB-405B-BB6A-22C19093DFB7}"
EndProject
Project("{FAE04EC0-301F-11D3-BF4B-00C04F79EFBC}") = "Business.Core.Messaging", "Business.Core.Messaging\Business.Core.Messaging.csproj", "{9DB6DA79-A0CE-405E-8171-488FACC62E6A}"
EndProject
Project("{FAE04EC0-301F-11D3-BF4B-00C04F79EFBC}") = "Business.Console.MessagingService", "Business.Console.MessagingService\Business.Console.MessagingService.csproj", "{3C40ECFF-B763-4660-A031-2D3A1529A917}"
EndProject
Project("{FAE04EC0-301F-11D3-BF4B-00C04F79EFBC}") = "Business.Persistence.Cache", "Business.Persistence.Cache\Business.Persistence.Cache.csproj", "{5C02F80D-DFCF-457E-8D33-6FA3DE072DF1}"
EndProject
Project("{FAE04EC0-301F-11D3-BF4B-00C04F79EFBC}") = "Business.Persistence.Repository", "Business.Persistence.Repository\Business.Persistence.Repository.csproj", "{59C0ED67-C787-4CFF-AD09-C4EC962E7DFA}"
EndProject
Project("{FAE04EC0-301F-11D3-BF4B-00C04F79EFBC}") = "Business.Services", "Business.Services\Business.Services.csproj", "{003EA90D-3896-4CC2-8911-78FB306052D6}"
EndProject
Project("{FAE04EC0-301F-11D3-BF4B-00C04F79EFBC}") = "Business.Web.API", "Business.Web.API\Business.Web.API.csproj", "{A18B6799-AFEB-4214-A3B2-BAA8B80E46CC}"
EndProject
Project("{FAE04EC0-301F-11D3-BF4B-00C04F79EFBC}") = "Business.UnitTests", "Business.UnitTests\Business.UnitTests.csproj", "{2E1BDB06-3041-44B0-8A8A-C5891184EB60}"
EndProject
Project("{2150E333-8FDC-42A3-9474-1A3956D46DE8}") = "Tests", "Tests", "{739FD8CE-0EAF-4E5E-866A-C3209419CF5D}"
EndProject
Project("{2150E333-8FDC-42A3-9474-1A3956D46DE8}") = "Persistence", "Persistence", "{EC50B825-E306-497B-9EEB-85CFCF75C028}"
EndProject
Project("{2150E333-8FDC-42A3-9474-1A3956D46DE8}") = "Services", "Services", "{4D85FF84-4EA1-4050-8354-D9AFB3838957}"
EndProject
Project("{2150E333-8FDC-42A3-9474-1A3956D46DE8}") = "Core", "Core", "{B9362E7D-AE99-4173-9650-5E5B731701BF}"
EndProject
Project("{2150E333-8FDC-42A3-9474-1A3956D46DE8}") = "Web", "Web", "{92D9C7EE-6BF5-48FF-BAD2-535D3BC6BE46}"
EndProject
Project("{2150E333-8FDC-42A3-9474-1A3956D46DE8}") = "Jobs", "Jobs", "{DE6557C5-964F-45BB-B140-94CBC9447145}"
EndProject
Global
	GlobalSection(SolutionConfigurationPlatforms) = preSolution
		Debug|Any CPU = Debug|Any CPU
		DEV|Any CPU = DEV|Any CPU
		Release|Any CPU = Release|Any CPU
	EndGlobalSection
	GlobalSection(ProjectConfigurationPlatforms) = postSolution
		{4AE532D1-27FB-405B-BB6A-22C19093DFB7}.Debug|Any CPU.ActiveCfg = Debug|Any CPU
		{4AE532D1-27FB-405B-BB6A-22C19093DFB7}.Debug|Any CPU.Build.0 = Debug|Any CPU
		{4AE532D1-27FB-405B-BB6A-22C19093DFB7}.DEV|Any CPU.ActiveCfg = Debug|Any CPU
		{4AE532D1-27FB-405B-BB6A-22C19093DFB7}.DEV|Any CPU.Build.0 = Debug|Any CPU
		{4AE532D1-27FB-405B-BB6A-22C19093DFB7}.Release|Any CPU.ActiveCfg = Release|Any CPU
		{4AE532D1-27FB-405B-BB6A-22C19093DFB7}.Release|Any CPU.Build.0 = Release|Any CPU
		{9DB6DA79-A0CE-405E-8171-488FACC62E6A}.Debug|Any CPU.ActiveCfg = Debug|Any CPU
		{9DB6DA79-A0CE-405E-8171-488FACC62E6A}.Debug|Any CPU.Build.0 = Debug|Any CPU
		{9DB6DA79-A0CE-405E-8171-488FACC62E6A}.DEV|Any CPU.ActiveCfg = DEV|Any CPU
		{9DB6DA79-A0CE-405E-8171-488FACC62E6A}.DEV|Any CPU.Build.0 = DEV|Any CPU
		{9DB6DA79-A0CE-405E-8171-488FACC62E6A}.Release|Any CPU.ActiveCfg = Release|Any CPU
		{9DB6DA79-A0CE-405E-8171-488FACC62E6A}.Release|Any CPU.Build.0 = Release|Any CPU
		{3C40ECFF-B763-4660-A031-2D3A1529A917}.Debug|Any CPU.ActiveCfg = Debug|Any CPU
		{3C40ECFF-B763-4660-A031-2D3A1529A917}.Debug|Any CPU.Build.0 = Debug|Any CPU
		{3C40ECFF-B763-4660-A031-2D3A1529A917}.DEV|Any CPU.ActiveCfg = DEV|Any CPU
		{3C40ECFF-B763-4660-A031-2D3A1529A917}.DEV|Any CPU.Build.0 = DEV|Any CPU
		{3C40ECFF-B763-4660-A031-2D3A1529A917}.Release|Any CPU.ActiveCfg = Release|Any CPU
		{3C40ECFF-B763-4660-A031-2D3A1529A917}.Release|Any CPU.Build.0 = Release|Any CPU
		{5C02F80D-DFCF-457E-8D33-6FA3DE072DF1}.Debug|Any CPU.ActiveCfg = Debug|Any CPU
		{5C02F80D-DFCF-457E-8D33-6FA3DE072DF1}.Debug|Any CPU.Build.0 = Debug|Any CPU
		{5C02F80D-DFCF-457E-8D33-6FA3DE072DF1}.DEV|Any CPU.ActiveCfg = DEV|Any CPU
		{5C02F80D-DFCF-457E-8D33-6FA3DE072DF1}.DEV|Any CPU.Build.0 = DEV|Any CPU
		{5C02F80D-DFCF-457E-8D33-6FA3DE072DF1}.Release|Any CPU.ActiveCfg = Release|Any CPU
		{5C02F80D-DFCF-457E-8D33-6FA3DE072DF1}.Release|Any CPU.Build.0 = Release|Any CPU
		{59C0ED67-C787-4CFF-AD09-C4EC962E7DFA}.Debug|Any CPU.ActiveCfg = Debug|Any CPU
		{59C0ED67-C787-4CFF-AD09-C4EC962E7DFA}.Debug|Any CPU.Build.0 = Debug|Any CPU
		{59C0ED67-C787-4CFF-AD09-C4EC962E7DFA}.DEV|Any CPU.ActiveCfg = DEV|Any CPU
		{59C0ED67-C787-4CFF-AD09-C4EC962E7DFA}.DEV|Any CPU.Build.0 = DEV|Any CPU
		{59C0ED67-C787-4CFF-AD09-C4EC962E7DFA}.Release|Any CPU.ActiveCfg = Release|Any CPU
		{59C0ED67-C787-4CFF-AD09-C4EC962E7DFA}.Release|Any CPU.Build.0 = Release|Any CPU
		{003EA90D-3896-4CC2-8911-78FB306052D6}.Debug|Any CPU.ActiveCfg = Debug|Any CPU
		{003EA90D-3896-4CC2-8911-78FB306052D6}.Debug|Any CPU.Build.0 = Debug|Any CPU
		{003EA90D-3896-4CC2-8911-78FB306052D6}.DEV|Any CPU.ActiveCfg = DEV|Any CPU
		{003EA90D-3896-4CC2-8911-78FB306052D6}.DEV|Any CPU.Build.0 = DEV|Any CPU
		{003EA90D-3896-4CC2-8911-78FB306052D6}.Release|Any CPU.ActiveCfg = Release|Any CPU
		{003EA90D-3896-4CC2-8911-78FB306052D6}.Release|Any CPU.Build.0 = Release|Any CPU
		{A18B6799-AFEB-4214-A3B2-BAA8B80E46CC}.Debug|Any CPU.ActiveCfg = Debug|Any CPU
		{A18B6799-AFEB-4214-A3B2-BAA8B80E46CC}.Debug|Any CPU.Build.0 = Debug|Any CPU
		{A18B6799-AFEB-4214-A3B2-BAA8B80E46CC}.DEV|Any CPU.ActiveCfg = DEV|Any CPU
		{A18B6799-AFEB-4214-A3B2-BAA8B80E46CC}.DEV|Any CPU.Build.0 = DEV|Any CPU
		{A18B6799-AFEB-4214-A3B2-BAA8B80E46CC}.Release|Any CPU.ActiveCfg = Release|Any CPU
		{A18B6799-AFEB-4214-A3B2-BAA8B80E46CC}.Release|Any CPU.Build.0 = Release|Any CPU
		{2E1BDB06-3041-44B0-8A8A-C5891184EB60}.Debug|Any CPU.ActiveCfg = Debug|Any CPU
		{2E1BDB06-3041-44B0-8A8A-C5891184EB60}.Debug|Any CPU.Build.0 = Debug|Any CPU
		{2E1BDB06-3041-44B0-8A8A-C5891184EB60}.DEV|Any CPU.ActiveCfg = Debug|Any CPU
		{2E1BDB06-3041-44B0-8A8A-C5891184EB60}.DEV|Any CPU.Build.0 = Debug|Any CPU
		{2E1BDB06-3041-44B0-8A8A-C5891184EB60}.Release|Any CPU.ActiveCfg = Release|Any CPU
		{2E1BDB06-3041-44B0-8A8A-C5891184EB60}.Release|Any CPU.Build.0 = Release|Any CPU
	EndGlobalSection
	GlobalSection(SolutionProperties) = preSolution
		HideSolutionNode = FALSE
	EndGlobalSection
	GlobalSection(NestedProjects) = preSolution
		{4AE532D1-27FB-405B-BB6A-22C19093DFB7} = {B9362E7D-AE99-4173-9650-5E5B731701BF}
		{9DB6DA79-A0CE-405E-8171-488FACC62E6A} = {DE6557C5-964F-45BB-B140-94CBC9447145}
		{3C40ECFF-B763-4660-A031-2D3A1529A917} = {DE6557C5-964F-45BB-B140-94CBC9447145}
		{5C02F80D-DFCF-457E-8D33-6FA3DE072DF1} = {EC50B825-E306-497B-9EEB-85CFCF75C028}
		{59C0ED67-C787-4CFF-AD09-C4EC962E7DFA} = {EC50B825-E306-497B-9EEB-85CFCF75C028}
		{003EA90D-3896-4CC2-8911-78FB306052D6} = {4D85FF84-4EA1-4050-8354-D9AFB3838957}
		{A18B6799-AFEB-4214-A3B2-BAA8B80E46CC} = {92D9C7EE-6BF5-48FF-BAD2-535D3BC6BE46}
		{2E1BDB06-3041-44B0-8A8A-C5891184EB60} = {739FD8CE-0EAF-4E5E-866A-C3209419CF5D}
	EndGlobalSection
	GlobalSection(ExtensibilityGlobals) = postSolution
		SolutionGuid = {916496EB-AA32-45C7-8415-E56AE9658128}
	EndGlobalSection
EndGlobal
